<?xml version="1.0" encoding="utf-8"?>
<Project ToolsVersion="4.0" xmlns="http://schemas.microsoft.com/developer/msbuild/2003">
  <ItemGroup>
    <Filter Include="Source Files">
      <UniqueIdentifier>{4FC737F1-C7A5-4376-A066-2A32D752A2FF}</UniqueIdentifier>
      <Extensions>cpp;c;cc;cxx;c++;cppm;ixx;def;odl;idl;hpj;bat;asm;asmx</Extensions>
    </Filter>
    <Filter Include="Header Files">
      <UniqueIdentifier>{93995380-89BD-4b04-88EB-625FBE52EBFB}</UniqueIdentifier>
      <Extensions>h;hh;hpp;hxx;h++;hm;inl;inc;ipp;xsd</Extensions>
    </Filter>
    <Filter Include="Resource Files">
      <UniqueIdentifier>{67DA6AB6-F800-4c08-8B7A-83BB121AAD01}</UniqueIdentifier>
      <Extensions>rc;ico;cur;bmp;dlg;rc2;rct;bin;rgs;gif;jpg;jpeg;jpe;resx;tiff;tif;png;wav;mfcribbon-ms</Extensions>
    </Filter>
    <Filter Include="Header Files\Linear">
      <UniqueIdentifier>{5828f2f3-884d-4e33-8e9a-2c8c0b44cdc1}</UniqueIdentifier>
    </Filter>
    <Filter Include="Header Files\Random">
      <UniqueIdentifier>{585d4fcc-399c-4e14-b380-52aed8a60c82}</UniqueIdentifier>
    </Filter>
    <Filter Include="Header Files\Linear\Insert">
      <UniqueIdentifier>{7f4b66f3-da91-4586-9f07-e521924283af}</UniqueIdentifier>
    </Filter>
    <Filter Include="Header Files\Random\Insert">
      <UniqueIdentifier>{ea1bc3c1-f322-4dba-9b15-85abfe911e19}</UniqueIdentifier>
    </Filter>
    <Filter Include="Header Files\Linear\Find">
      <UniqueIdentifier>{5678cf62-a349-41e0-ad5e-bc8755e150b7}</UniqueIdentifier>
    </Filter>
    <Filter Include="Header Files\Linear\Remove">
      <UniqueIdentifier>{26d8e4d3-6c34-4c74-8cdc-4d6dbec7bb49}</UniqueIdentifier>
    </Filter>
    <Filter Include="Header Files\Random\Find">
      <UniqueIdentifier>{118a1460-55f2-44c4-aee4-9a17509d263e}</UniqueIdentifier>
    </Filter>
    <Filter Include="Header Files\Random\Remove">
      <UniqueIdentifier>{e0c0272a-14c2-4b97-b234-e9c75f0d288e}</UniqueIdentifier>
    </Filter>
  </ItemGroup>
  <ItemGroup>
    <ClCompile Include="BC_SBTrees.cpp">
      <Filter>Source Files</Filter>
    </ClCompile>
  </ItemGroup>
  <ItemGroup>
    <ClInclude Include="avlSet.h">
      <Filter>Header Files</Filter>
    </ClInclude>
    <ClInclude Include="splaySet.h">
      <Filter>Header Files</Filter>
    </ClInclude>
    <ClInclude Include="sgSet.h">
      <Filter>Header Files</Filter>
    </ClInclude>
    <ClInclude Include="heap_monitor.h">
      <Filter>Header Files</Filter>
    </ClInclude>
    <ClInclude Include="TreeTester.h">
      <Filter>Header Files</Filter>
    </ClInclude>
    <ClInclude Include="InsertTesterLinearINT.h">
      <Filter>Header Files\Linear\Insert</Filter>
    </ClInclude>
    <ClInclude Include="InsertTesterLinearString.h">
      <Filter>Header Files\Linear\Insert</Filter>
    </ClInclude>
    <ClInclude Include="InsertTesterRNG_INT.h">
      <Filter>Header Files\Random\Insert</Filter>
    </ClInclude>
    <ClInclude Include="InsertTesterRNG_STRING.h">
      <Filter>Header Files\Random\Insert</Filter>
    </ClInclude>
    <ClInclude Include="FindTesterLinearINT.h">
      <Filter>Header Files\Linear\Find</Filter>
    </ClInclude>
    <ClInclude Include="FindTesterLinearString.h">
      <Filter>Header Files\Linear\Find</Filter>
    </ClInclude>
    <ClInclude Include="RemoveTesterLinearINT.h">
      <Filter>Header Files\Linear\Remove</Filter>
    </ClInclude>
    <ClInclude Include="RemoveTesterLinearString.h">
      <Filter>Header Files\Linear\Remove</Filter>
    </ClInclude>
  </ItemGroup>
</Project>